<?xml version="1.0" encoding="utf-8"?>
<Project ToolsVersion="18.0" xmlns="http://schemas.microsoft.com/developer/msbuild/2003">
  <ItemGroup>
    <CustomBuild Include="C:\Users\Zver\Downloads\final_course_bundle_revised_checked\final_course_bundle_revised\repo\debug_examples\build-link\CMakeFiles\d81ad363b6fb27610555a3d5ba5c5488\generate.stamp.rule">
      <Filter>CMake Rules</Filter>
    </CustomBuild>
  </ItemGroup>
  <ItemGroup>
    <Filter Include="CMake Rules">
      <UniqueIdentifier>{31DC0EA6-668B-313C-97FF-D66E5AE655D3}</UniqueIdentifier>
    </Filter>
  </ItemGroup>
</Project>
